dependencies:
- name: memcached
  repository: https://charts.bitnami.com/bitnami
  version: 6.0.14
- name: memcached
  repository: https://charts.bitnami.com/bitnami
  version: 6.0.14
- name: memcached
  repository: https://charts.bitnami.com/bitnami
  version: 6.0.14
- name: memcached
  repository: https://charts.bitnami.com/bitnami
  version: 6.0.14
- name: memcached
  repository: https://charts.bitnami.com/bitnami
  version: 6.0.14
- name: memcached
  repository: https://charts.bitnami.com/bitnami
  version: 6.0.14
- name: memcached
  repository: https://charts.bitnami.com/bitnami
  version: 6.0.14
digest: sha256:bf89c5973efcff862b3fa48cff54c4169307d82bc16648b7a0f0461b18889eb4
generated: "2022-04-05T23:31:43.576631724Z"
